
Microsoft Visual Studio Solution File, Format Version 12.00
# Visual Studio Version 16
VisualStudioVersion = 16.0.29926.136
MinimumVisualStudioVersion = 10.0.40219.1
Project("{FAE04EC0-301F-11D3-BF4B-00C04F79EFBC}") = "CicekSepeti.API", "CicekSepeti.API\CicekSepeti.API.csproj", "{ECF1E204-8DCC-4DB7-9223-3E728E82075E}"
EndProject
Project("{FAE04EC0-301F-11D3-BF4B-00C04F79EFBC}") = "CicekSepeti.DataAccess", "CicekSepeti.DataAccess\CicekSepeti.DataAccess.csproj", "{B272A4B9-3AE4-4FDD-9ECF-957D4B935221}"
EndProject
Project("{FAE04EC0-301F-11D3-BF4B-00C04F79EFBC}") = "CicekSepeti.Domain", "CicekSepeti.Domain\CicekSepeti.Domain.csproj", "{EB77496F-5E41-44E1-A1E9-143FEE289955}"
EndProject
Project("{FAE04EC0-301F-11D3-BF4B-00C04F79EFBC}") = "CicekSepeti.Service", "CicekSepeti.Service\CicekSepeti.Service.csproj", "{FB27B6E9-A19B-48FE-9590-06D672D4C9FF}"
EndProject
Project("{FAE04EC0-301F-11D3-BF4B-00C04F79EFBC}") = "CicekSepeti.UnitTest", "CicekSepeti.UnitTest\CicekSepeti.UnitTest.csproj", "{40CACB16-A1C2-45CC-B895-45B9673533F9}"
EndProject
Global
	GlobalSection(SolutionConfigurationPlatforms) = preSolution
		Debug|Any CPU = Debug|Any CPU
		Release|Any CPU = Release|Any CPU
	EndGlobalSection
	GlobalSection(ProjectConfigurationPlatforms) = postSolution
		{ECF1E204-8DCC-4DB7-9223-3E728E82075E}.Debug|Any CPU.ActiveCfg = Debug|Any CPU
		{ECF1E204-8DCC-4DB7-9223-3E728E82075E}.Debug|Any CPU.Build.0 = Debug|Any CPU
		{ECF1E204-8DCC-4DB7-9223-3E728E82075E}.Release|Any CPU.ActiveCfg = Release|Any CPU
		{ECF1E204-8DCC-4DB7-9223-3E728E82075E}.Release|Any CPU.Build.0 = Release|Any CPU
		{B272A4B9-3AE4-4FDD-9ECF-957D4B935221}.Debug|Any CPU.ActiveCfg = Debug|Any CPU
		{B272A4B9-3AE4-4FDD-9ECF-957D4B935221}.Debug|Any CPU.Build.0 = Debug|Any CPU
		{B272A4B9-3AE4-4FDD-9ECF-957D4B935221}.Release|Any CPU.ActiveCfg = Release|Any CPU
		{B272A4B9-3AE4-4FDD-9ECF-957D4B935221}.Release|Any CPU.Build.0 = Release|Any CPU
		{EB77496F-5E41-44E1-A1E9-143FEE289955}.Debug|Any CPU.ActiveCfg = Debug|Any CPU
		{EB77496F-5E41-44E1-A1E9-143FEE289955}.Debug|Any CPU.Build.0 = Debug|Any CPU
		{EB77496F-5E41-44E1-A1E9-143FEE289955}.Release|Any CPU.ActiveCfg = Release|Any CPU
		{EB77496F-5E41-44E1-A1E9-143FEE289955}.Release|Any CPU.Build.0 = Release|Any CPU
		{FB27B6E9-A19B-48FE-9590-06D672D4C9FF}.Debug|Any CPU.ActiveCfg = Debug|Any CPU
		{FB27B6E9-A19B-48FE-9590-06D672D4C9FF}.Debug|Any CPU.Build.0 = Debug|Any CPU
		{FB27B6E9-A19B-48FE-9590-06D672D4C9FF}.Release|Any CPU.ActiveCfg = Release|Any CPU
		{FB27B6E9-A19B-48FE-9590-06D672D4C9FF}.Release|Any CPU.Build.0 = Release|Any CPU
		{40CACB16-A1C2-45CC-B895-45B9673533F9}.Debug|Any CPU.ActiveCfg = Debug|Any CPU
		{40CACB16-A1C2-45CC-B895-45B9673533F9}.Debug|Any CPU.Build.0 = Debug|Any CPU
		{40CACB16-A1C2-45CC-B895-45B9673533F9}.Release|Any CPU.ActiveCfg = Release|Any CPU
		{40CACB16-A1C2-45CC-B895-45B9673533F9}.Release|Any CPU.Build.0 = Release|Any CPU
	EndGlobalSection
	GlobalSection(SolutionProperties) = preSolution
		HideSolutionNode = FALSE
	EndGlobalSection
	GlobalSection(ExtensibilityGlobals) = postSolution
		SolutionGuid = {A0CF04F0-0588-4732-B548-5F56DF404187}
	EndGlobalSection
EndGlobal
